{
  "name": "foodlander2",
  "version": "1.0.0",
  "lockfileVersion": 1,
  "requires": true,
  "dependencies": {
    "json-stringify-safe": {
      "version": "5.0.1",
      "resolved": "https://registry.npmjs.org/json-stringify-safe/-/json-stringify-safe-5.0.1.tgz",
      "integrity": "sha1-Epai1Y/UXxmg9s4B1lcB4sc1tus="
    },
    "lodash": {
      "version": "4.17.4",
      "resolved": "https://registry.npmjs.org/lodash/-/lodash-4.17.4.tgz",
      "integrity": "sha1-eCA6TRwyiuHYbcpkYONptX9AVa4="
    },
    "lodash-es": {
      "version": "4.17.4",
      "resolved": "https://registry.npmjs.org/lodash-es/-/lodash-es-4.17.4.tgz",
      "integrity": "sha1-3MHXVS4VCgZABzupyzHXDwMpUOc="
    },
    "redux-persist-immutable": {
      "version": "4.3.1",
      "resolved": "https://registry.npmjs.org/redux-persist-immutable/-/redux-persist-immutable-4.3.1.tgz",
      "integrity": "sha512-X8eYC3N9RyjOlZSpxGhLnCiCiCRncaNUfCFWD/DJdpK+kE1D08HcIiK1mBEFrR7Nk/73wX7Gc6GDq60X0l2P6Q==",
      "requires": {
        "redux-persist": "4.10.1",
        "redux-persist-transform-immutable": "4.3.0"
      },
      "dependencies": {
        "redux-persist": {
          "version": "4.10.1",
          "resolved": "https://registry.npmjs.org/redux-persist/-/redux-persist-4.10.1.tgz",
          "integrity": "sha512-ZUjCuSxdrTrxbYBio4CBv3ODYKsjSfR27RweDIia9335YEu7WptWpe+DmiqDRqt3QsV1hMRjpSoPiNwKiJ+D6w==",
          "requires": {
            "json-stringify-safe": "5.0.1",
            "lodash": "4.17.4",
            "lodash-es": "4.17.4"
          }
        }
      }
    },
    "redux-persist-transform-immutable": {
      "version": "4.3.0",
      "resolved": "https://registry.npmjs.org/redux-persist-transform-immutable/-/redux-persist-transform-immutable-4.3.0.tgz",
      "integrity": "sha1-JHIMmfBwfdmekguV+FGuPRuqbtg=",
      "requires": {
        "transit-immutable-js": "0.7.0",
        "transit-js": "0.8.846"
      }
    },
    "transit-immutable-js": {
      "version": "0.7.0",
      "resolved": "https://registry.npmjs.org/transit-immutable-js/-/transit-immutable-js-0.7.0.tgz",
      "integrity": "sha1-mT4lCJtjEf9AIUD1VidtbSUwBdk="
    },
    "transit-js": {
      "version": "0.8.846",
      "resolved": "https://registry.npmjs.org/transit-js/-/transit-js-0.8.846.tgz",
      "integrity": "sha1-duBujw5r4nZ140QhEvXJu3U0NGQ="
    }
  }
}
